// !$*UTF8*$!
{
	archiveVersion = 1;
	classes = {
	};
	objectVersion = 77;
	objects = {

/* Begin PBXBuildFile section */
		053EF4074E4BB903F86A052D /* XCTest.framework in Frameworks */ = {isa = PBXBuildFile; fileRef = 2F40042CC44FAC574487F420 /* XCTest.framework */; };
		0CF09BE75E630A8E74513A85 /* GeneralTab.swift in Sources */ = {isa = PBXBuildFile; fileRef = B8FD051FE17CB6878D97D90A /* GeneralTab.swift */; };
		10EEB9D28B3C80FDF26A9779 /* Preferences.swift in Sources */ = {isa = PBXBuildFile; fileRef = C4AF47F95FAB33FB31A85A5C /* Preferences.swift */; };
		140E93736E38C9DB9CC7CCF0 /* TypingParamsTab.swift in Sources */ = {isa = PBXBuildFile; fileRef = 67C51FE424E4F31C29384FFC /* TypingParamsTab.swift */; };
		224F37D5008D238C1211628A /* ClipboardMonitor.swift in Sources */ = {isa = PBXBuildFile; fileRef = 64EE2DCC0C2B8ED336869A3A /* ClipboardMonitor.swift */; };
		271DAFBCD9678E9C9E5E30C2 /* PreferencesTests.swift in Sources */ = {isa = PBXBuildFile; fileRef = A4309BC7AC3CAB81C966CD4D /* PreferencesTests.swift */; };
		321E71D728D9A4E1605622D8 /* main.swift in Sources */ = {isa = PBXBuildFile; fileRef = 494587911F95CCEAFAF266B7 /* main.swift */; };
		452E148178A17F5E69748856 /* TypingEngineTests.swift in Sources */ = {isa = PBXBuildFile; fileRef = 0E6B4E1F6424D753B1E43F33 /* TypingEngineTests.swift */; };
		563CDC5AA8D888D6C702C5D7 /* HotkingTests.swift in Sources */ = {isa = PBXBuildFile; fileRef = 4720C784AAD7735B350BBD0D /* HotkingTests.swift */; };
		7E3D78030434DC0A178C159B /* ClipboardMonitor.swift in Sources */ = {isa = PBXBuildFile; fileRef = 64EE2DCC0C2B8ED336869A3A /* ClipboardMonitor.swift */; };
		99164DAD106242D812A48B27 /* StatusBarController.swift in Sources */ = {isa = PBXBuildFile; fileRef = 640D757C25D28B3274DCEF78 /* StatusBarController.swift */; };
		ADFDA77E49986D2C78A39B94 /* HotkeyManager.swift in Sources */ = {isa = PBXBuildFile; fileRef = B2075F78725635F92B2FD959 /* HotkeyManager.swift */; };
		B53C178109396328F198D4C2 /* Preferences.swift in Sources */ = {isa = PBXBuildFile; fileRef = C4AF47F95FAB33FB31A85A5C /* Preferences.swift */; };
		CC53022B1D6A34B9CCAD8769 /* HotkeyManager.swift in Sources */ = {isa = PBXBuildFile; fileRef = B2075F78725635F92B2FD959 /* HotkeyManager.swift */; };
		CF9D73262DC74943A5A88E06 /* ClipboardMonitorTests.swift in Sources */ = {isa = PBXBuildFile; fileRef = 16E3D7F36D3C66CB674CD406 /* ClipboardMonitorTests.swift */; };
		D4E5C725663684A82701B187 /* TypingEngine.swift in Sources */ = {isa = PBXBuildFile; fileRef = A97591DCF0D84BB49303E2B4 /* TypingEngine.swift */; };
		E3B286FF5A2B5D972882468B /* AppDelegate.swift in Sources */ = {isa = PBXBuildFile; fileRef = F156F5BD366F622FDD37358B /* AppDelegate.swift */; };
		EAB9063237607170F4A476C1 /* ShortcutsTab.swift in Sources */ = {isa = PBXBuildFile; fileRef = F12A6184B413606285CA5179 /* ShortcutsTab.swift */; };
		F24F9976B097F851A008BF93 /* TypingEngine.swift in Sources */ = {isa = PBXBuildFile; fileRef = A97591DCF0D84BB49303E2B4 /* TypingEngine.swift */; };
		F675BD08A0A894E86CB74E0E /* TypingPanel.swift in Sources */ = {isa = PBXBuildFile; fileRef = 0EF07C85CFD253C0ECC926BD /* TypingPanel.swift */; };
		FC51502E01B1A03A0F6C8731 /* Assets.xcassets in Resources */ = {isa = PBXBuildFile; fileRef = 3415181BCD965A0DB00D96DF /* Assets.xcassets */; };
/* End PBXBuildFile section */

/* Begin PBXFileReference section */
		0E6B4E1F6424D753B1E43F33 /* TypingEngineTests.swift */ = {isa = PBXFileReference; lastKnownFileType = sourcecode.swift; path = TypingEngineTests.swift; sourceTree = "<group>"; };
		0EF07C85CFD253C0ECC926BD /* TypingPanel.swift */ = {isa = PBXFileReference; lastKnownFileType = sourcecode.swift; path = TypingPanel.swift; sourceTree = "<group>"; };
		16E3D7F36D3C66CB674CD406 /* ClipboardMonitorTests.swift */ = {isa = PBXFileReference; lastKnownFileType = sourcecode.swift; path = ClipboardMonitorTests.swift; sourceTree = "<group>"; };
		2F40042CC44FAC574487F420 /* XCTest.framework */ = {isa = PBXFileReference; lastKnownFileType = wrapper.framework; name = XCTest.framework; path = System/Library/Frameworks/XCTest.framework; sourceTree = SDKROOT; };
		3415181BCD965A0DB00D96DF /* Assets.xcassets */ = {isa = PBXFileReference; lastKnownFileType = folder.assetcatalog; path = Assets.xcassets; sourceTree = "<group>"; };
		4720C784AAD7735B350BBD0D /* HotkingTests.swift */ = {isa = PBXFileReference; lastKnownFileType = sourcecode.swift; path = HotkingTests.swift; sourceTree = "<group>"; };
		494587911F95CCEAFAF266B7 /* main.swift */ = {isa = PBXFileReference; lastKnownFileType = sourcecode.swift; path = main.swift; sourceTree = "<group>"; };
		5018EF52ED11B25F99F27E56 /* HumanTypist.app */ = {isa = PBXFileReference; explicitFileType = wrapper.application; includeInIndex = 0; path = HumanTypist.app; sourceTree = BUILT_PRODUCTS_DIR; };
		640D757C25D28B3274DCEF78 /* StatusBarController.swift */ = {isa = PBXFileReference; lastKnownFileType = sourcecode.swift; path = StatusBarController.swift; sourceTree = "<group>"; };
		64EE2DCC0C2B8ED336869A3A /* ClipboardMonitor.swift */ = {isa = PBXFileReference; lastKnownFileType = sourcecode.swift; path = ClipboardMonitor.swift; sourceTree = "<group>"; };
		67C51FE424E4F31C29384FFC /* TypingParamsTab.swift */ = {isa = PBXFileReference; lastKnownFileType = sourcecode.swift; path = TypingParamsTab.swift; sourceTree = "<group>"; };
		A4309BC7AC3CAB81C966CD4D /* PreferencesTests.swift */ = {isa = PBXFileReference; lastKnownFileType = sourcecode.swift; path = PreferencesTests.swift; sourceTree = "<group>"; };
		A97591DCF0D84BB49303E2B4 /* TypingEngine.swift */ = {isa = PBXFileReference; lastKnownFileType = sourcecode.swift; path = TypingEngine.swift; sourceTree = "<group>"; };
		AB6CB367706FD63DEC57D24A /* Info.plist */ = {isa = PBXFileReference; lastKnownFileType = text.plist; path = Info.plist; sourceTree = "<group>"; };
		B2075F78725635F92B2FD959 /* HotkeyManager.swift */ = {isa = PBXFileReference; lastKnownFileType = sourcecode.swift; path = HotkeyManager.swift; sourceTree = "<group>"; };
		B8FD051FE17CB6878D97D90A /* GeneralTab.swift */ = {isa = PBXFileReference; lastKnownFileType = sourcecode.swift; path = GeneralTab.swift; sourceTree = "<group>"; };
		C4AF47F95FAB33FB31A85A5C /* Preferences.swift */ = {isa = PBXFileReference; lastKnownFileType = sourcecode.swift; path = Preferences.swift; sourceTree = "<group>"; };
		F12A6184B413606285CA5179 /* ShortcutsTab.swift */ = {isa = PBXFileReference; lastKnownFileType = sourcecode.swift; path = ShortcutsTab.swift; sourceTree = "<group>"; };
		F156F5BD366F622FDD37358B /* AppDelegate.swift */ = {isa = PBXFileReference; lastKnownFileType = sourcecode.swift; path = AppDelegate.swift; sourceTree = "<group>"; };
		F4F1AC9F5506868AF9B9B313 /* HumanTypistTests.xctest */ = {isa = PBXFileReference; explicitFileType = wrapper.cfbundle; includeInIndex = 0; path = HumanTypistTests.xctest; sourceTree = BUILT_PRODUCTS_DIR; };
/* End PBXFileReference section */

/* Begin PBXFrameworksBuildPhase section */
		631C2BF3DFC0B05A13F0089E /* Frameworks */ = {
			isa = PBXFrameworksBuildPhase;
			buildActionMask = 2147483647;
			files = (
				053EF4074E4BB903F86A052D /* XCTest.framework in Frameworks */,
			);
			runOnlyForDeploymentPostprocessing = 0;
		};
/* End PBXFrameworksBuildPhase section */

/* Begin PBXGroup section */
		0217AF336308A8C54D9B384A /* Resources */ = {
			isa = PBXGroup;
			children = (
				3415181BCD965A0DB00D96DF /* Assets.xcassets */,
			);
			path = Resources;
			sourceTree = "<group>";
		};
		091DE86CAE991AB6E591EE96 /* App */ = {
			isa = PBXGroup;
			children = (
				F156F5BD366F622FDD37358B /* AppDelegate.swift */,
				AB6CB367706FD63DEC57D24A /* Info.plist */,
				494587911F95CCEAFAF266B7 /* main.swift */,
			);
			path = App;
			sourceTree = "<group>";
		};
		2F3812DE091E3E4715846514 = {
			isa = PBXGroup;
			children = (
				091DE86CAE991AB6E591EE96 /* App */,
				6C22AB8F79B51FEE97EDEFB7 /* Core */,
				0217AF336308A8C54D9B384A /* Resources */,
				B2050D2C87ABBF5226E42847 /* UI */,
				C23A8F09BC40C78D13E5CD3E /* Frameworks */,
				4EA3B9AF7B2E185BD65D5AD9 /* Products */,
			);
			sourceTree = "<group>";
		};
		4EA3B9AF7B2E185BD65D5AD9 /* Products */ = {
			isa = PBXGroup;
			children = (
				5018EF52ED11B25F99F27E56 /* HumanTypist.app */,
				F4F1AC9F5506868AF9B9B313 /* HumanTypistTests.xctest */,
			);
			name = Products;
			sourceTree = "<group>";
		};
		6C22AB8F79B51FEE97EDEFB7 /* Core */ = {
			isa = PBXGroup;
			children = (
				64EE2DCC0C2B8ED336869A3A /* ClipboardMonitor.swift */,
				16E3D7F36D3C66CB674CD406 /* ClipboardMonitorTests.swift */,
				B2075F78725635F92B2FD959 /* HotkeyManager.swift */,
				4720C784AAD7735B350BBD0D /* HotkingTests.swift */,
				C4AF47F95FAB33FB31A85A5C /* Preferences.swift */,
				A4309BC7AC3CAB81C966CD4D /* PreferencesTests.swift */,
				A97591DCF0D84BB49303E2B4 /* TypingEngine.swift */,
				0E6B4E1F6424D753B1E43F33 /* TypingEngineTests.swift */,
			);
			path = Core;
			sourceTree = "<group>";
		};
		B2050D2C87ABBF5226E42847 /* UI */ = {
			isa = PBXGroup;
			children = (
				B8FD051FE17CB6878D97D90A /* GeneralTab.swift */,
				F12A6184B413606285CA5179 /* ShortcutsTab.swift */,
				640D757C25D28B3274DCEF78 /* StatusBarController.swift */,
				0EF07C85CFD253C0ECC926BD /* TypingPanel.swift */,
				67C51FE424E4F31C29384FFC /* TypingParamsTab.swift */,
			);
			path = UI;
			sourceTree = "<group>";
		};
		C23A8F09BC40C78D13E5CD3E /* Frameworks */ = {
			isa = PBXGroup;
			children = (
				2F40042CC44FAC574487F420 /* XCTest.framework */,
			);
			name = Frameworks;
			sourceTree = "<group>";
		};
/* End PBXGroup section */

/* Begin PBXNativeTarget section */
		16073B34A122E8F20F2613FE /* HumanTypist */ = {
			isa = PBXNativeTarget;
			buildConfigurationList = 7A7B75A9F95A9380F4858202 /* Build configuration list for PBXNativeTarget "HumanTypist" */;
			buildPhases = (
				28C3EE497EC5BB677C0EC40B /* Sources */,
				4B114B45122780136BFED74D /* Resources */,
			);
			buildRules = (
			);
			dependencies = (
			);
			name = HumanTypist;
			packageProductDependencies = (
			);
			productName = HumanTypist;
			productReference = 5018EF52ED11B25F99F27E56 /* HumanTypist.app */;
			productType = "com.apple.product-type.application";
		};
		D6D4A54CD09BBE3F2269E94A /* HumanTypistTests */ = {
			isa = PBXNativeTarget;
			buildConfigurationList = 039A28E65E487DC693BE04FE /* Build configuration list for PBXNativeTarget "HumanTypistTests" */;
			buildPhases = (
				8DB0CDA59C2299778B5CA017 /* Sources */,
				631C2BF3DFC0B05A13F0089E /* Frameworks */,
			);
			buildRules = (
			);
			dependencies = (
			);
			name = HumanTypistTests;
			packageProductDependencies = (
			);
			productName = HumanTypistTests;
			productReference = F4F1AC9F5506868AF9B9B313 /* HumanTypistTests.xctest */;
			productType = "com.apple.product-type.bundle.unit-test";
		};
/* End PBXNativeTarget section */

/* Begin PBXProject section */
		7C39BFDA73032B6B0870A455 /* Project object */ = {
			isa = PBXProject;
			attributes = {
				BuildIndependentTargetsInParallel = YES;
				LastUpgradeCheck = 1500;
				TargetAttributes = {
				};
			};
			buildConfigurationList = 97943DA80C7501BF5982B33C /* Build configuration list for PBXProject "HumanTypist" */;
			developmentRegion = en;
			hasScannedForEncodings = 0;
			knownRegions = (
				Base,
				en,
			);
			mainGroup = 2F3812DE091E3E4715846514;
			minimizedProjectReferenceProxies = 1;
			preferredProjectObjectVersion = 77;
			productRefGroup = 4EA3B9AF7B2E185BD65D5AD9 /* Products */;
			projectDirPath = "";
			projectRoot = "";
			targets = (
				16073B34A122E8F20F2613FE /* HumanTypist */,
				D6D4A54CD09BBE3F2269E94A /* HumanTypistTests */,
			);
		};
/* End PBXProject section */

/* Begin PBXResourcesBuildPhase section */
		4B114B45122780136BFED74D /* Resources */ = {
			isa = PBXResourcesBuildPhase;
			buildActionMask = 2147483647;
			files = (
				FC51502E01B1A03A0F6C8731 /* Assets.xcassets in Resources */,
			);
			runOnlyForDeploymentPostprocessing = 0;
		};
/* End PBXResourcesBuildPhase section */

/* Begin PBXSourcesBuildPhase section */
		28C3EE497EC5BB677C0EC40B /* Sources */ = {
			isa = PBXSourcesBuildPhase;
			buildActionMask = 2147483647;
			files = (
				E3B286FF5A2B5D972882468B /* AppDelegate.swift in Sources */,
				224F37D5008D238C1211628A /* ClipboardMonitor.swift in Sources */,
				0CF09BE75E630A8E74513A85 /* GeneralTab.swift in Sources */,
				ADFDA77E49986D2C78A39B94 /* HotkeyManager.swift in Sources */,
				10EEB9D28B3C80FDF26A9779 /* Preferences.swift in Sources */,
				EAB9063237607170F4A476C1 /* ShortcutsTab.swift in Sources */,
				99164DAD106242D812A48B27 /* StatusBarController.swift in Sources */,
				F24F9976B097F851A008BF93 /* TypingEngine.swift in Sources */,
				F675BD08A0A894E86CB74E0E /* TypingPanel.swift in Sources */,
				140E93736E38C9DB9CC7CCF0 /* TypingParamsTab.swift in Sources */,
				321E71D728D9A4E1605622D8 /* main.swift in Sources */,
			);
			runOnlyForDeploymentPostprocessing = 0;
		};
		8DB0CDA59C2299778B5CA017 /* Sources */ = {
			isa = PBXSourcesBuildPhase;
			buildActionMask = 2147483647;
			files = (
				7E3D78030434DC0A178C159B /* ClipboardMonitor.swift in Sources */,
				CF9D73262DC74943A5A88E06 /* ClipboardMonitorTests.swift in Sources */,
				CC53022B1D6A34B9CCAD8769 /* HotkeyManager.swift in Sources */,
				563CDC5AA8D888D6C702C5D7 /* HotkingTests.swift in Sources */,
				B53C178109396328F198D4C2 /* Preferences.swift in Sources */,
				271DAFBCD9678E9C9E5E30C2 /* PreferencesTests.swift in Sources */,
				D4E5C725663684A82701B187 /* TypingEngine.swift in Sources */,
				452E148178A17F5E69748856 /* TypingEngineTests.swift in Sources */,
			);
			runOnlyForDeploymentPostprocessing = 0;
		};
/* End PBXSourcesBuildPhase section */

/* Begin XCBuildConfiguration section */
		131F3BE789FB9A88692354E3 /* Debug */ = {
			isa = XCBuildConfiguration;
			buildSettings = {
				ASSETCATALOG_COMPILER_APPICON_NAME = AppIcon;
				COMBINE_HIDPI_IMAGES = YES;
				GENERATE_INFOPLIST_FILE = NO;
				INFOPLIST_FILE = App/Info.plist;
				LD_RUNPATH_SEARCH_PATHS = (
					"$(inherited)",
					"@executable_path/../Frameworks",
				);
				PRODUCT_NAME = HumanTypist;
				SDKROOT = macosx;
			};
			name = Debug;
		};
		5CE82CD2C8C49A004D5C5848 /* Debug */ = {
			isa = XCBuildConfiguration;
			buildSettings = {
				ALWAYS_SEARCH_USER_PATHS = NO;
				ASSETCATALOG_COMPILER_APPICON_NAME = AppIcon;
				CLANG_ANALYZER_NONNULL = YES;
				CLANG_ANALYZER_NUMBER_OBJECT_CONVERSION = YES_AGGRESSIVE;
				CLANG_CXX_LANGUAGE_STANDARD = "gnu++14";
				CLANG_CXX_LIBRARY = "libc++";
				CLANG_ENABLE_MODULES = YES;
				CLANG_ENABLE_OBJC_ARC = YES;
				CLANG_ENABLE_OBJC_WEAK = YES;
				CLANG_WARN_BLOCK_CAPTURE_AUTORELEASING = YES;
				CLANG_WARN_BOOL_CONVERSION = YES;
				CLANG_WARN_COMMA = YES;
				CLANG_WARN_CONSTANT_CONVERSION = YES;
				CLANG_WARN_DEPRECATED_OBJC_IMPLEMENTATIONS = YES;
				CLANG_WARN_DIRECT_OBJC_ISA_USAGE = YES_ERROR;
				CLANG_WARN_DOCUMENTATION_COMMENTS = YES;
				CLANG_WARN_EMPTY_BODY = YES;
				CLANG_WARN_ENUM_CONVERSION = YES;
				CLANG_WARN_INFINITE_RECURSION = YES;
				CLANG_WARN_INT_CONVERSION = YES;
				CLANG_WARN_NON_LITERAL_NULL_CONVERSION = YES;
				CLANG_WARN_OBJC_IMPLICIT_RETAIN_SELF = YES;
				CLANG_WARN_OBJC_LITERAL_CONVERSION = YES;
				CLANG_WARN_OBJC_ROOT_CLASS = YES_ERROR;
				CLANG_WARN_QUOTED_INCLUDE_IN_FRAMEWORK_HEADER = YES;
				CLANG_WARN_RANGE_LOOP_ANALYSIS = YES;
				CLANG_WARN_STRICT_PROTOTYPES = YES;
				CLANG_WARN_SUSPICIOUS_MOVE = YES;
				CLANG_WARN_UNGUARDED_AVAILABILITY = YES_AGGRESSIVE;
				CLANG_WARN_UNREACHABLE_CODE = YES;
				CLANG_WARN__DUPLICATE_METHOD_MATCH = YES;
				CODE_SIGN_IDENTITY = "-";
				COPY_PHASE_STRIP = NO;
				DEBUG_INFORMATION_FORMAT = dwarf;
				ENABLE_HARDENED_RUNTIME = YES;
				ENABLE_STRICT_OBJC_MSGSEND = YES;
				ENABLE_TESTABILITY = YES;
				GCC_C_LANGUAGE_STANDARD = gnu11;
				GCC_DYNAMIC_NO_PIC = NO;
				GCC_NO_COMMON_BLOCKS = YES;
				GCC_OPTIMIZATION_LEVEL = 0;
				GCC_PREPROCESSOR_DEFINITIONS = (
					"$(inherited)",
					"DEBUG=1",
				);
				GCC_WARN_64_TO_32_BIT_CONVERSION = YES;
				GCC_WARN_ABOUT_RETURN_TYPE = YES_ERROR;
				GCC_WARN_UNDECLARED_SELECTOR = YES;
				GCC_WARN_UNINITIALIZED_AUTOS = YES_AGGRESSIVE;
				GCC_WARN_UNUSED_FUNCTION = YES;
				GCC_WARN_UNUSED_VARIABLE = YES;
				INFOPLIST_FILE = App/Info.plist;
				LD_RUNPATH_SEARCH_PATHS = "@executable_path/../Frameworks";
				MACOSX_DEPLOYMENT_TARGET = 13.0;
				MTL_ENABLE_DEBUG_INFO = INCLUDE_SOURCE;
				MTL_FAST_MATH = YES;
				ONLY_ACTIVE_ARCH = YES;
				PRODUCT_BUNDLE_IDENTIFIER = com.humantypist.app;
				PRODUCT_NAME = "$(TARGET_NAME)";
				SDKROOT = macosx;
				SWIFT_ACTIVE_COMPILATION_CONDITIONS = DEBUG;
				SWIFT_OPTIMIZATION_LEVEL = "-Onone";
				SWIFT_VERSION = 5.9;
			};
			name = Debug;
		};
		990E052DC4B68198F8957349 /* Release */ = {
			isa = XCBuildConfiguration;
			buildSettings = {
				ALWAYS_SEARCH_USER_PATHS = NO;
				ASSETCATALOG_COMPILER_APPICON_NAME = AppIcon;
				CLANG_ANALYZER_NONNULL = YES;
				CLANG_ANALYZER_NUMBER_OBJECT_CONVERSION = YES_AGGRESSIVE;
				CLANG_CXX_LANGUAGE_STANDARD = "gnu++14";
				CLANG_CXX_LIBRARY = "libc++";
				CLANG_ENABLE_MODULES = YES;
				CLANG_ENABLE_OBJC_ARC = YES;
				CLANG_ENABLE_OBJC_WEAK = YES;
				CLANG_WARN_BLOCK_CAPTURE_AUTORELEASING = YES;
				CLANG_WARN_BOOL_CONVERSION = YES;
				CLANG_WARN_COMMA = YES;
				CLANG_WARN_CONSTANT_CONVERSION = YES;
				CLANG_WARN_DEPRECATED_OBJC_IMPLEMENTATIONS = YES;
				CLANG_WARN_DIRECT_OBJC_ISA_USAGE = YES_ERROR;
				CLANG_WARN_DOCUMENTATION_COMMENTS = YES;
				CLANG_WARN_EMPTY_BODY = YES;
				CLANG_WARN_ENUM_CONVERSION = YES;
				CLANG_WARN_INFINITE_RECURSION = YES;
				CLANG_WARN_INT_CONVERSION = YES;
				CLANG_WARN_NON_LITERAL_NULL_CONVERSION = YES;
				CLANG_WARN_OBJC_IMPLICIT_RETAIN_SELF = YES;
				CLANG_WARN_OBJC_LITERAL_CONVERSION = YES;
				CLANG_WARN_OBJC_ROOT_CLASS = YES_ERROR;
				CLANG_WARN_QUOTED_INCLUDE_IN_FRAMEWORK_HEADER = YES;
				CLANG_WARN_RANGE_LOOP_ANALYSIS = YES;
				CLANG_WARN_STRICT_PROTOTYPES = YES;
				CLANG_WARN_SUSPICIOUS_MOVE = YES;
				CLANG_WARN_UNGUARDED_AVAILABILITY = YES_AGGRESSIVE;
				CLANG_WARN_UNREACHABLE_CODE = YES;
				CLANG_WARN__DUPLICATE_METHOD_MATCH = YES;
				CODE_SIGN_IDENTITY = "-";
				COPY_PHASE_STRIP = NO;
				DEBUG_INFORMATION_FORMAT = "dwarf-with-dsym";
				ENABLE_HARDENED_RUNTIME = YES;
				ENABLE_NS_ASSERTIONS = NO;
				ENABLE_STRICT_OBJC_MSGSEND = YES;
				GCC_C_LANGUAGE_STANDARD = gnu11;
				GCC_NO_COMMON_BLOCKS = YES;
				GCC_WARN_64_TO_32_BIT_CONVERSION = YES;
				GCC_WARN_ABOUT_RETURN_TYPE = YES_ERROR;
				GCC_WARN_UNDECLARED_SELECTOR = YES;
				GCC_WARN_UNINITIALIZED_AUTOS = YES_AGGRESSIVE;
				GCC_WARN_UNUSED_FUNCTION = YES;
				GCC_WARN_UNUSED_VARIABLE = YES;
				INFOPLIST_FILE = App/Info.plist;
				LD_RUNPATH_SEARCH_PATHS = "@executable_path/../Frameworks";
				MACOSX_DEPLOYMENT_TARGET = 13.0;
				MTL_ENABLE_DEBUG_INFO = NO;
				MTL_FAST_MATH = YES;
				PRODUCT_BUNDLE_IDENTIFIER = com.humantypist.app;
				PRODUCT_NAME = "$(TARGET_NAME)";
				SDKROOT = macosx;
				SWIFT_COMPILATION_MODE = wholemodule;
				SWIFT_OPTIMIZATION_LEVEL = "-O";
				SWIFT_VERSION = 5.9;
			};
			name = Release;
		};
		B36CDB94123F3ADB10916D20 /* Release */ = {
			isa = XCBuildConfiguration;
			buildSettings = {
				BUNDLE_LOADER = "$(TEST_HOST)";
				COMBINE_HIDPI_IMAGES = YES;
				GENERATE_INFOPLIST_FILE = YES;
				LD_RUNPATH_SEARCH_PATHS = (
					"$(inherited)",
					"@executable_path/../Frameworks",
					"@loader_path/../Frameworks",
				);
				PRODUCT_BUNDLE_IDENTIFIER = com.humantypist.app.tests;
				SDKROOT = macosx;
			};
			name = Release;
		};
		B55035D6E5C54E2ED30CF552 /* Release */ = {
			isa = XCBuildConfiguration;
			buildSettings = {
				ASSETCATALOG_COMPILER_APPICON_NAME = AppIcon;
				COMBINE_HIDPI_IMAGES = YES;
				GENERATE_INFOPLIST_FILE = NO;
				INFOPLIST_FILE = App/Info.plist;
				LD_RUNPATH_SEARCH_PATHS = (
					"$(inherited)",
					"@executable_path/../Frameworks",
				);
				PRODUCT_NAME = HumanTypist;
				SDKROOT = macosx;
			};
			name = Release;
		};
		E6C4B5FC2752E0C8D8AF670F /* Debug */ = {
			isa = XCBuildConfiguration;
			buildSettings = {
				BUNDLE_LOADER = "$(TEST_HOST)";
				COMBINE_HIDPI_IMAGES = YES;
				GENERATE_INFOPLIST_FILE = YES;
				LD_RUNPATH_SEARCH_PATHS = (
					"$(inherited)",
					"@executable_path/../Frameworks",
					"@loader_path/../Frameworks",
				);
				PRODUCT_BUNDLE_IDENTIFIER = com.humantypist.app.tests;
				SDKROOT = macosx;
			};
			name = Debug;
		};
/* End XCBuildConfiguration section */

/* Begin XCConfigurationList section */
		039A28E65E487DC693BE04FE /* Build configuration list for PBXNativeTarget "HumanTypistTests" */ = {
			isa = XCConfigurationList;
			buildConfigurations = (
				E6C4B5FC2752E0C8D8AF670F /* Debug */,
				B36CDB94123F3ADB10916D20 /* Release */,
			);
			defaultConfigurationIsVisible = 0;
			defaultConfigurationName = Debug;
		};
		7A7B75A9F95A9380F4858202 /* Build configuration list for PBXNativeTarget "HumanTypist" */ = {
			isa = XCConfigurationList;
			buildConfigurations = (
				131F3BE789FB9A88692354E3 /* Debug */,
				B55035D6E5C54E2ED30CF552 /* Release */,
			);
			defaultConfigurationIsVisible = 0;
			defaultConfigurationName = Debug;
		};
		97943DA80C7501BF5982B33C /* Build configuration list for PBXProject "HumanTypist" */ = {
			isa = XCConfigurationList;
			buildConfigurations = (
				5CE82CD2C8C49A004D5C5848 /* Debug */,
				990E052DC4B68198F8957349 /* Release */,
			);
			defaultConfigurationIsVisible = 0;
			defaultConfigurationName = Debug;
		};
/* End XCConfigurationList section */
	};
	rootObject = 7C39BFDA73032B6B0870A455 /* Project object */;
}
